
Microsoft Visual Studio Solution File, Format Version 12.00
# Visual Studio Version 16
VisualStudioVersion = 16.0.31624.102
MinimumVisualStudioVersion = 10.0.40219.1
Project("{FAE04EC0-301F-11D3-BF4B-00C04F79EFBC}") = "Temperatur_Conversion", "Temperatur_Conversion\Temperatur_Conversion.csproj", "{6956808D-31F3-4EA3-858A-55357A0DD0FB}"
EndProject
Global
	GlobalSection(SolutionConfigurationPlatforms) = preSolution
		Debug|Any CPU = Debug|Any CPU
		Release|Any CPU = Release|Any CPU
	EndGlobalSection
	GlobalSection(ProjectConfigurationPlatforms) = postSolution
		{6956808D-31F3-4EA3-858A-55357A0DD0FB}.Debug|Any CPU.ActiveCfg = Debug|Any CPU
		{6956808D-31F3-4EA3-858A-55357A0DD0FB}.Debug|Any CPU.Build.0 = Debug|Any CPU
		{6956808D-31F3-4EA3-858A-55357A0DD0FB}.Release|Any CPU.ActiveCfg = Release|Any CPU
		{6956808D-31F3-4EA3-858A-55357A0DD0FB}.Release|Any CPU.Build.0 = Release|Any CPU
	EndGlobalSection
	GlobalSection(SolutionProperties) = preSolution
		HideSolutionNode = FALSE
	EndGlobalSection
	GlobalSection(ExtensibilityGlobals) = postSolution
		SolutionGuid = {16DF2111-99F7-4EDB-B568-5B65CD6C3466}
	EndGlobalSection
EndGlobal
